// !$*UTF8*$!
{
	archiveVersion = 1;
	classes = {
	};
	objectVersion = 46;
	objects = {

/* Begin PBXBuildFile section */
		550294B11A54268000198EC7 /* CarModel.swift in Sources */ = {isa = PBXBuildFile; fileRef = 550294B01A54268000198EC7 /* CarModel.swift */; };
		550294B21A54268000198EC7 /* CarModel.swift in Sources */ = {isa = PBXBuildFile; fileRef = 550294B01A54268000198EC7 /* CarModel.swift */; };
		550294B41A54269A00198EC7 /* CarMake.swift in Sources */ = {isa = PBXBuildFile; fileRef = 550294B31A54269A00198EC7 /* CarMake.swift */; };
		550294B51A54269A00198EC7 /* CarMake.swift in Sources */ = {isa = PBXBuildFile; fileRef = 550294B31A54269A00198EC7 /* CarMake.swift */; };
		550294B91A5429B400198EC7 /* CarQueryAPI.swift in Sources */ = {isa = PBXBuildFile; fileRef = 550294B81A5429B400198EC7 /* CarQueryAPI.swift */; };
		550294BA1A5429B400198EC7 /* CarQueryAPI.swift in Sources */ = {isa = PBXBuildFile; fileRef = 550294B81A5429B400198EC7 /* CarQueryAPI.swift */; };
		550294C21A542C7900198EC7 /* UserLogin.swift in Sources */ = {isa = PBXBuildFile; fileRef = 550294BF1A542C7900198EC7 /* UserLogin.swift */; };
		550294C31A542C7900198EC7 /* UserLogin.swift in Sources */ = {isa = PBXBuildFile; fileRef = 550294BF1A542C7900198EC7 /* UserLogin.swift */; };
		5507B2701A3C64960082BB0F /* ClassTests.swift in Sources */ = {isa = PBXBuildFile; fileRef = 5507B26F1A3C64960082BB0F /* ClassTests.swift */; };
		5519BD8F19E32DC800A19484 /* RegisterViewController.swift in Sources */ = {isa = PBXBuildFile; fileRef = 5519BD8E19E32DC800A19484 /* RegisterViewController.swift */; };
		551A189719F0559500E6702B /* LoginViewController.swift in Sources */ = {isa = PBXBuildFile; fileRef = 551A189619F0559500E6702B /* LoginViewController.swift */; };
		551AC19B19E186BB0051C672 /* AppDelegate.swift in Sources */ = {isa = PBXBuildFile; fileRef = 551AC19A19E186BB0051C672 /* AppDelegate.swift */; };
		551AC1A019E186BB0051C672 /* Main.storyboard in Resources */ = {isa = PBXBuildFile; fileRef = 551AC19E19E186BB0051C672 /* Main.storyboard */; };
		551AC1A219E186BB0051C672 /* Images.xcassets in Resources */ = {isa = PBXBuildFile; fileRef = 551AC1A119E186BB0051C672 /* Images.xcassets */; };
		551AC1A519E186BB0051C672 /* LaunchScreen.xib in Resources */ = {isa = PBXBuildFile; fileRef = 551AC1A319E186BB0051C672 /* LaunchScreen.xib */; };
		551AC1B119E186BB0051C672 /* CarParkApplicationTests.swift in Sources */ = {isa = PBXBuildFile; fileRef = 551AC1B019E186BB0051C672 /* CarParkApplicationTests.swift */; };
		551AC1BB19E186E00051C672 /* CoreLocation.framework in Frameworks */ = {isa = PBXBuildFile; fileRef = 551AC1BA19E186E00051C672 /* CoreLocation.framework */; };
		55282B8C1A5C8254001EC46E /* VehicleSelectViewController.swift in Sources */ = {isa = PBXBuildFile; fileRef = 55282B8B1A5C8254001EC46E /* VehicleSelectViewController.swift */; };
		55282B8D1A5C8254001EC46E /* VehicleSelectViewController.swift in Sources */ = {isa = PBXBuildFile; fileRef = 55282B8B1A5C8254001EC46E /* VehicleSelectViewController.swift */; };
		552C98F51A6EC13400155AFC /* SessionSelectViewController.swift in Sources */ = {isa = PBXBuildFile; fileRef = 552C98F41A6EC13400155AFC /* SessionSelectViewController.swift */; };
		552C98F61A6EC13400155AFC /* SessionSelectViewController.swift in Sources */ = {isa = PBXBuildFile; fileRef = 552C98F41A6EC13400155AFC /* SessionSelectViewController.swift */; };
		552C98F91A6ECBFF00155AFC /* ParkSessionViewCell.swift in Sources */ = {isa = PBXBuildFile; fileRef = 552C98F81A6ECBFF00155AFC /* ParkSessionViewCell.swift */; };
		552C98FA1A6ECBFF00155AFC /* ParkSessionViewCell.swift in Sources */ = {isa = PBXBuildFile; fileRef = 552C98F81A6ECBFF00155AFC /* ParkSessionViewCell.swift */; };
		55322CF81A6EAEB300C13F2E /* ParkSession.swift in Sources */ = {isa = PBXBuildFile; fileRef = 55322CF71A6EAEB300C13F2E /* ParkSession.swift */; };
		55322CF91A6EAEB300C13F2E /* ParkSession.swift in Sources */ = {isa = PBXBuildFile; fileRef = 55322CF71A6EAEB300C13F2E /* ParkSession.swift */; };
		55440BB91A34B96700969FBC /* libPayPalMobile.a in Frameworks */ = {isa = PBXBuildFile; fileRef = 55440BB11A34B96700969FBC /* libPayPalMobile.a */; };
		55440BBB1A34BA1400969FBC /* AudioToolbox.framework in Frameworks */ = {isa = PBXBuildFile; fileRef = 55440BBA1A34BA1400969FBC /* AudioToolbox.framework */; };
		55440BBD1A34BA1C00969FBC /* AVFoundation.framework in Frameworks */ = {isa = PBXBuildFile; fileRef = 55440BBC1A34BA1C00969FBC /* AVFoundation.framework */; };
		55440BBF1A34BA2D00969FBC /* CoreMedia.framework in Frameworks */ = {isa = PBXBuildFile; fileRef = 55440BBE1A34BA2D00969FBC /* CoreMedia.framework */; };
		55440BC11A34BA3500969FBC /* MessageUI.framework in Frameworks */ = {isa = PBXBuildFile; fileRef = 55440BC01A34BA3500969FBC /* MessageUI.framework */; };
		55440BC31A34BA3D00969FBC /* MobileCoreServices.framework in Frameworks */ = {isa = PBXBuildFile; fileRef = 55440BC21A34BA3D00969FBC /* MobileCoreServices.framework */; };
		55440BC51A34BA4500969FBC /* SystemConfiguration.framework in Frameworks */ = {isa = PBXBuildFile; fileRef = 55440BC41A34BA4500969FBC /* SystemConfiguration.framework */; };
		55440BC81A34BA7400969FBC /* Bridge.m in Sources */ = {isa = PBXBuildFile; fileRef = 55440BC71A34BA7400969FBC /* Bridge.m */; };
		55440BCD1A34D53900969FBC /* ProfileViewController.swift in Sources */ = {isa = PBXBuildFile; fileRef = 55440BCC1A34D53900969FBC /* ProfileViewController.swift */; };
		555031501A71174400B9FDB0 /* SessionViewController.swift in Sources */ = {isa = PBXBuildFile; fileRef = 5550314F1A71174400B9FDB0 /* SessionViewController.swift */; };
		555031511A71174400B9FDB0 /* SessionViewController.swift in Sources */ = {isa = PBXBuildFile; fileRef = 5550314F1A71174400B9FDB0 /* SessionViewController.swift */; };
		5554A6221A6179C0004D2D28 /* CreateVehicleDelegate.swift in Sources */ = {isa = PBXBuildFile; fileRef = 5554A6211A6179C0004D2D28 /* CreateVehicleDelegate.swift */; };
		5554A6231A617C60004D2D28 /* CreateVehicleDelegate.swift in Sources */ = {isa = PBXBuildFile; fileRef = 5554A6211A6179C0004D2D28 /* CreateVehicleDelegate.swift */; };
		5554A6241A617D1F004D2D28 /* SelectUserVehicle.swift in Sources */ = {isa = PBXBuildFile; fileRef = 55C836AB1A614CC0009167D4 /* SelectUserVehicle.swift */; };
		5554A6261A61914A004D2D28 /* CreateVehicleViewController.swift in Sources */ = {isa = PBXBuildFile; fileRef = 55EF4DB91A5D9FA7006F7613 /* CreateVehicleViewController.swift */; };
		557C2CEA19F2C3FE00DE28DF /* UserRegistration.swift in Sources */ = {isa = PBXBuildFile; fileRef = 557C2CE919F2C3FE00DE28DF /* UserRegistration.swift */; };
		557C2CEB19F2C3FE00DE28DF /* UserRegistration.swift in Sources */ = {isa = PBXBuildFile; fileRef = 557C2CE919F2C3FE00DE28DF /* UserRegistration.swift */; };
		557C2CED19F2C4AE00DE28DF /* Vehicle.swift in Sources */ = {isa = PBXBuildFile; fileRef = 557C2CEC19F2C4AE00DE28DF /* Vehicle.swift */; };
		557C2CEE19F2C4AE00DE28DF /* Vehicle.swift in Sources */ = {isa = PBXBuildFile; fileRef = 557C2CEC19F2C4AE00DE28DF /* Vehicle.swift */; };
		5585EA091A659E6B001CEF37 /* MapKit.framework in Frameworks */ = {isa = PBXBuildFile; fileRef = 5585EA081A659E6B001CEF37 /* MapKit.framework */; };
		5585EA0E1A65A112001CEF37 /* MapViewViewController.swift in Sources */ = {isa = PBXBuildFile; fileRef = 5585EA0D1A65A112001CEF37 /* MapViewViewController.swift */; };
		5585EA0F1A65A112001CEF37 /* MapViewViewController.swift in Sources */ = {isa = PBXBuildFile; fileRef = 5585EA0D1A65A112001CEF37 /* MapViewViewController.swift */; };
		558616751A75191600FAB689 /* UserRegistered.swift in Sources */ = {isa = PBXBuildFile; fileRef = 558616741A75191600FAB689 /* UserRegistered.swift */; };
		558616761A75191600FAB689 /* UserRegistered.swift in Sources */ = {isa = PBXBuildFile; fileRef = 558616741A75191600FAB689 /* UserRegistered.swift */; };
		558616771A751A3900FAB689 /* RegisterViewController.swift in Sources */ = {isa = PBXBuildFile; fileRef = 5519BD8E19E32DC800A19484 /* RegisterViewController.swift */; };
		558777E71A5D42B1008ACCE9 /* TimeBandSelectViewController.swift in Sources */ = {isa = PBXBuildFile; fileRef = 558777E61A5D42B1008ACCE9 /* TimeBandSelectViewController.swift */; };
		558777E81A5D42B1008ACCE9 /* TimeBandSelectViewController.swift in Sources */ = {isa = PBXBuildFile; fileRef = 558777E61A5D42B1008ACCE9 /* TimeBandSelectViewController.swift */; };
		558777F11A5D58E6008ACCE9 /* User.swift in Sources */ = {isa = PBXBuildFile; fileRef = 558777F01A5D58E6008ACCE9 /* User.swift */; };
		558777F21A5D58E6008ACCE9 /* User.swift in Sources */ = {isa = PBXBuildFile; fileRef = 558777F01A5D58E6008ACCE9 /* User.swift */; };
		558777F41A5D5B5E008ACCE9 /* LoggedInViewController.swift in Sources */ = {isa = PBXBuildFile; fileRef = 558777F31A5D5B5E008ACCE9 /* LoggedInViewController.swift */; };
		558777F51A5D5B5E008ACCE9 /* LoggedInViewController.swift in Sources */ = {isa = PBXBuildFile; fileRef = 558777F31A5D5B5E008ACCE9 /* LoggedInViewController.swift */; };
		55ABC7641A542CC1005A4371 /* ViewController.swift in Sources */ = {isa = PBXBuildFile; fileRef = 55ABC7631A542CC1005A4371 /* ViewController.swift */; };
		55ABC7681A542E31005A4371 /* UserAPI.swift in Sources */ = {isa = PBXBuildFile; fileRef = 55ABC7671A542E31005A4371 /* UserAPI.swift */; };
		55ABC7691A542E31005A4371 /* UserAPI.swift in Sources */ = {isa = PBXBuildFile; fileRef = 55ABC7671A542E31005A4371 /* UserAPI.swift */; };
		55B631811A598B7700DD5DBF /* CarParkAPI.swift in Sources */ = {isa = PBXBuildFile; fileRef = 55B631801A598B7700DD5DBF /* CarParkAPI.swift */; };
		55B631821A598B7700DD5DBF /* CarParkAPI.swift in Sources */ = {isa = PBXBuildFile; fileRef = 55B631801A598B7700DD5DBF /* CarParkAPI.swift */; };
		55BB56A019F2C70C00492154 /* Utilities.swift in Sources */ = {isa = PBXBuildFile; fileRef = 55BB569F19F2C70C00492154 /* Utilities.swift */; };
		55BB56A119F2C70C00492154 /* Utilities.swift in Sources */ = {isa = PBXBuildFile; fileRef = 55BB569F19F2C70C00492154 /* Utilities.swift */; };
		55BB56A519F2CD1800492154 /* UtilitiesTests.swift in Sources */ = {isa = PBXBuildFile; fileRef = 55BB56A419F2CD1800492154 /* UtilitiesTests.swift */; };
		55C836AC1A614CC0009167D4 /* SelectUserVehicle.swift in Sources */ = {isa = PBXBuildFile; fileRef = 55C836AB1A614CC0009167D4 /* SelectUserVehicle.swift */; };
		55EF4DBA1A5D9FA7006F7613 /* CreateVehicleViewController.swift in Sources */ = {isa = PBXBuildFile; fileRef = 55EF4DB91A5D9FA7006F7613 /* CreateVehicleViewController.swift */; };
/* End PBXBuildFile section */

/* Begin PBXContainerItemProxy section */
		551AC1AB19E186BB0051C672 /* PBXContainerItemProxy */ = {
			isa = PBXContainerItemProxy;
			containerPortal = 551AC18D19E186BB0051C672 /* Project object */;
			proxyType = 1;
			remoteGlobalIDString = 551AC19419E186BB0051C672;
			remoteInfo = CarParkApplication;
		};
/* End PBXContainerItemProxy section */

/* Begin PBXFileReference section */
		550294B01A54268000198EC7 /* CarModel.swift */ = {isa = PBXFileReference; fileEncoding = 4; lastKnownFileType = sourcecode.swift; name = CarModel.swift; path = Classes/CarModel.swift; sourceTree = "<group>"; };
		550294B31A54269A00198EC7 /* CarMake.swift */ = {isa = PBXFileReference; fileEncoding = 4; lastKnownFileType = sourcecode.swift; name = CarMake.swift; path = Classes/CarMake.swift; sourceTree = "<group>"; };
		550294B81A5429B400198EC7 /* CarQueryAPI.swift */ = {isa = PBXFileReference; fileEncoding = 4; lastKnownFileType = sourcecode.swift; name = CarQueryAPI.swift; path = "Network Access/CarQueryAPI.swift"; sourceTree = "<group>"; };
		550294BF1A542C7900198EC7 /* UserLogin.swift */ = {isa = PBXFileReference; fileEncoding = 4; lastKnownFileType = sourcecode.swift; name = UserLogin.swift; path = Classes/UserLogin.swift; sourceTree = "<group>"; };
		5507B26F1A3C64960082BB0F /* ClassTests.swift */ = {isa = PBXFileReference; fileEncoding = 4; lastKnownFileType = sourcecode.swift; path = ClassTests.swift; sourceTree = "<group>"; };
		5519BD8E19E32DC800A19484 /* RegisterViewController.swift */ = {isa = PBXFileReference; fileEncoding = 4; lastKnownFileType = sourcecode.swift; name = RegisterViewController.swift; path = ViewControllers/RegisterViewController.swift; sourceTree = "<group>"; };
		551A189619F0559500E6702B /* LoginViewController.swift */ = {isa = PBXFileReference; fileEncoding = 4; lastKnownFileType = sourcecode.swift; name = LoginViewController.swift; path = ViewControllers/LoginViewController.swift; sourceTree = "<group>"; };
		551AC19519E186BB0051C672 /* CarParkApplication.app */ = {isa = PBXFileReference; explicitFileType = wrapper.application; includeInIndex = 0; path = CarParkApplication.app; sourceTree = BUILT_PRODUCTS_DIR; };
		551AC19919E186BB0051C672 /* Info.plist */ = {isa = PBXFileReference; lastKnownFileType = text.plist.xml; path = Info.plist; sourceTree = "<group>"; };
		551AC19A19E186BB0051C672 /* AppDelegate.swift */ = {isa = PBXFileReference; lastKnownFileType = sourcecode.swift; path = AppDelegate.swift; sourceTree = "<group>"; };
		551AC19F19E186BB0051C672 /* Base */ = {isa = PBXFileReference; lastKnownFileType = file.storyboard; name = Base; path = Base.lproj/Main.storyboard; sourceTree = "<group>"; };
		551AC1A119E186BB0051C672 /* Images.xcassets */ = {isa = PBXFileReference; lastKnownFileType = folder.assetcatalog; path = Images.xcassets; sourceTree = "<group>"; };
		551AC1A419E186BB0051C672 /* Base */ = {isa = PBXFileReference; lastKnownFileType = file.xib; name = Base; path = Base.lproj/LaunchScreen.xib; sourceTree = "<group>"; };
		551AC1AA19E186BB0051C672 /* CarParkApplicationTests.xctest */ = {isa = PBXFileReference; explicitFileType = wrapper.cfbundle; includeInIndex = 0; path = CarParkApplicationTests.xctest; sourceTree = BUILT_PRODUCTS_DIR; };
		551AC1AF19E186BB0051C672 /* Info.plist */ = {isa = PBXFileReference; lastKnownFileType = text.plist.xml; path = Info.plist; sourceTree = "<group>"; };
		551AC1B019E186BB0051C672 /* CarParkApplicationTests.swift */ = {isa = PBXFileReference; lastKnownFileType = sourcecode.swift; path = CarParkApplicationTests.swift; sourceTree = "<group>"; };
		551AC1BA19E186E00051C672 /* CoreLocation.framework */ = {isa = PBXFileReference; lastKnownFileType = wrapper.framework; name = CoreLocation.framework; path = System/Library/Frameworks/CoreLocation.framework; sourceTree = SDKROOT; };
		55282B8B1A5C8254001EC46E /* VehicleSelectViewController.swift */ = {isa = PBXFileReference; fileEncoding = 4; lastKnownFileType = sourcecode.swift; name = VehicleSelectViewController.swift; path = ViewControllers/VehicleSelectViewController.swift; sourceTree = "<group>"; };
		552C98F41A6EC13400155AFC /* SessionSelectViewController.swift */ = {isa = PBXFileReference; fileEncoding = 4; lastKnownFileType = sourcecode.swift; name = SessionSelectViewController.swift; path = ViewControllers/SessionSelectViewController.swift; sourceTree = "<group>"; };
		552C98F81A6ECBFF00155AFC /* ParkSessionViewCell.swift */ = {isa = PBXFileReference; fileEncoding = 4; lastKnownFileType = sourcecode.swift; name = ParkSessionViewCell.swift; path = Classes/Display/ParkSessionViewCell.swift; sourceTree = "<group>"; };
		55322CF71A6EAEB300C13F2E /* ParkSession.swift */ = {isa = PBXFileReference; fileEncoding = 4; lastKnownFileType = sourcecode.swift; name = ParkSession.swift; path = Classes/ParkSession.swift; sourceTree = "<group>"; };
		55440BA91A34B96700969FBC /* CardIO.h */ = {isa = PBXFileReference; fileEncoding = 4; lastKnownFileType = sourcecode.c.h; path = CardIO.h; sourceTree = "<group>"; };
		55440BAA1A34B96700969FBC /* CardIOCreditCardInfo.h */ = {isa = PBXFileReference; fileEncoding = 4; lastKnownFileType = sourcecode.c.h; path = CardIOCreditCardInfo.h; sourceTree = "<group>"; };
		55440BAB1A34B96700969FBC /* CardIODetectionMode.h */ = {isa = PBXFileReference; fileEncoding = 4; lastKnownFileType = sourcecode.c.h; path = CardIODetectionMode.h; sourceTree = "<group>"; };
		55440BAC1A34B96700969FBC /* CardIOPaymentViewController.h */ = {isa = PBXFileReference; fileEncoding = 4; lastKnownFileType = sourcecode.c.h; path = CardIOPaymentViewController.h; sourceTree = "<group>"; };
		55440BAD1A34B96700969FBC /* CardIOPaymentViewControllerDelegate.h */ = {isa = PBXFileReference; fileEncoding = 4; lastKnownFileType = sourcecode.c.h; path = CardIOPaymentViewControllerDelegate.h; sourceTree = "<group>"; };
		55440BAE1A34B96700969FBC /* CardIOUtilities.h */ = {isa = PBXFileReference; fileEncoding = 4; lastKnownFileType = sourcecode.c.h; path = CardIOUtilities.h; sourceTree = "<group>"; };
		55440BAF1A34B96700969FBC /* CardIOView.h */ = {isa = PBXFileReference; fileEncoding = 4; lastKnownFileType = sourcecode.c.h; path = CardIOView.h; sourceTree = "<group>"; };
		55440BB01A34B96700969FBC /* CardIOViewDelegate.h */ = {isa = PBXFileReference; fileEncoding = 4; lastKnownFileType = sourcecode.c.h; path = CardIOViewDelegate.h; sourceTree = "<group>"; };
		55440BB11A34B96700969FBC /* libPayPalMobile.a */ = {isa = PBXFileReference; lastKnownFileType = archive.ar; path = libPayPalMobile.a; sourceTree = "<group>"; };
		55440BB21A34B96700969FBC /* PayPalConfiguration.h */ = {isa = PBXFileReference; fileEncoding = 4; lastKnownFileType = sourcecode.c.h; path = PayPalConfiguration.h; sourceTree = "<group>"; };
		55440BB31A34B96700969FBC /* PayPalFuturePaymentViewController.h */ = {isa = PBXFileReference; fileEncoding = 4; lastKnownFileType = sourcecode.c.h; path = PayPalFuturePaymentViewController.h; sourceTree = "<group>"; };
		55440BB41A34B96700969FBC /* PayPalMobile.h */ = {isa = PBXFileReference; fileEncoding = 4; lastKnownFileType = sourcecode.c.h; path = PayPalMobile.h; sourceTree = "<group>"; };
		55440BB51A34B96700969FBC /* PayPalOAuthScopes.h */ = {isa = PBXFileReference; fileEncoding = 4; lastKnownFileType = sourcecode.c.h; path = PayPalOAuthScopes.h; sourceTree = "<group>"; };
		55440BB61A34B96700969FBC /* PayPalPayment.h */ = {isa = PBXFileReference; fileEncoding = 4; lastKnownFileType = sourcecode.c.h; path = PayPalPayment.h; sourceTree = "<group>"; };
		55440BB71A34B96700969FBC /* PayPalPaymentViewController.h */ = {isa = PBXFileReference; fileEncoding = 4; lastKnownFileType = sourcecode.c.h; path = PayPalPaymentViewController.h; sourceTree = "<group>"; };
		55440BB81A34B96700969FBC /* PayPalProfileSharingViewController.h */ = {isa = PBXFileReference; fileEncoding = 4; lastKnownFileType = sourcecode.c.h; path = PayPalProfileSharingViewController.h; sourceTree = "<group>"; };
		55440BBA1A34BA1400969FBC /* AudioToolbox.framework */ = {isa = PBXFileReference; lastKnownFileType = wrapper.framework; name = AudioToolbox.framework; path = System/Library/Frameworks/AudioToolbox.framework; sourceTree = SDKROOT; };
		55440BBC1A34BA1C00969FBC /* AVFoundation.framework */ = {isa = PBXFileReference; lastKnownFileType = wrapper.framework; name = AVFoundation.framework; path = System/Library/Frameworks/AVFoundation.framework; sourceTree = SDKROOT; };
		55440BBE1A34BA2D00969FBC /* CoreMedia.framework */ = {isa = PBXFileReference; lastKnownFileType = wrapper.framework; name = CoreMedia.framework; path = System/Library/Frameworks/CoreMedia.framework; sourceTree = SDKROOT; };
		55440BC01A34BA3500969FBC /* MessageUI.framework */ = {isa = PBXFileReference; lastKnownFileType = wrapper.framework; name = MessageUI.framework; path = System/Library/Frameworks/MessageUI.framework; sourceTree = SDKROOT; };
		55440BC21A34BA3D00969FBC /* MobileCoreServices.framework */ = {isa = PBXFileReference; lastKnownFileType = wrapper.framework; name = MobileCoreServices.framework; path = System/Library/Frameworks/MobileCoreServices.framework; sourceTree = SDKROOT; };
		55440BC41A34BA4500969FBC /* SystemConfiguration.framework */ = {isa = PBXFileReference; lastKnownFileType = wrapper.framework; name = SystemConfiguration.framework; path = System/Library/Frameworks/SystemConfiguration.framework; sourceTree = SDKROOT; };
		55440BC61A34BA7400969FBC /* CarParkApplication-Bridging-Header.h */ = {isa = PBXFileReference; lastKnownFileType = sourcecode.c.h; path = "CarParkApplication-Bridging-Header.h"; sourceTree = "<group>"; };
		55440BC71A34BA7400969FBC /* Bridge.m */ = {isa = PBXFileReference; fileEncoding = 4; lastKnownFileType = sourcecode.c.objc; path = Bridge.m; sourceTree = "<group>"; };
		55440BCC1A34D53900969FBC /* ProfileViewController.swift */ = {isa = PBXFileReference; fileEncoding = 4; lastKnownFileType = sourcecode.swift; name = ProfileViewController.swift; path = ViewControllers/ProfileViewController.swift; sourceTree = "<group>"; };
		5550314F1A71174400B9FDB0 /* SessionViewController.swift */ = {isa = PBXFileReference; fileEncoding = 4; lastKnownFileType = sourcecode.swift; name = SessionViewController.swift; path = ViewControllers/SessionViewController.swift; sourceTree = "<group>"; };
		5554A6211A6179C0004D2D28 /* CreateVehicleDelegate.swift */ = {isa = PBXFileReference; fileEncoding = 4; lastKnownFileType = sourcecode.swift; name = CreateVehicleDelegate.swift; path = Protocols/CreateVehicleDelegate.swift; sourceTree = "<group>"; };
		557C2CE919F2C3FE00DE28DF /* UserRegistration.swift */ = {isa = PBXFileReference; fileEncoding = 4; lastKnownFileType = sourcecode.swift; name = UserRegistration.swift; path = Classes/UserRegistration.swift; sourceTree = "<group>"; };
		557C2CEC19F2C4AE00DE28DF /* Vehicle.swift */ = {isa = PBXFileReference; fileEncoding = 4; lastKnownFileType = sourcecode.swift; name = Vehicle.swift; path = Classes/Vehicle.swift; sourceTree = "<group>"; };
		5585EA081A659E6B001CEF37 /* MapKit.framework */ = {isa = PBXFileReference; lastKnownFileType = wrapper.framework; name = MapKit.framework; path = System/Library/Frameworks/MapKit.framework; sourceTree = SDKROOT; };
		5585EA0D1A65A112001CEF37 /* MapViewViewController.swift */ = {isa = PBXFileReference; fileEncoding = 4; lastKnownFileType = sourcecode.swift; name = MapViewViewController.swift; path = ViewControllers/MapViewViewController.swift; sourceTree = "<group>"; };
		558616741A75191600FAB689 /* UserRegistered.swift */ = {isa = PBXFileReference; fileEncoding = 4; lastKnownFileType = sourcecode.swift; name = UserRegistered.swift; path = Protocols/UserRegistered.swift; sourceTree = "<group>"; };
		558777E61A5D42B1008ACCE9 /* TimeBandSelectViewController.swift */ = {isa = PBXFileReference; fileEncoding = 4; lastKnownFileType = sourcecode.swift; name = TimeBandSelectViewController.swift; path = ViewControllers/TimeBandSelectViewController.swift; sourceTree = "<group>"; };
		558777F01A5D58E6008ACCE9 /* User.swift */ = {isa = PBXFileReference; fileEncoding = 4; lastKnownFileType = sourcecode.swift; name = User.swift; path = Classes/Singletons/User.swift; sourceTree = "<group>"; };
		558777F31A5D5B5E008ACCE9 /* LoggedInViewController.swift */ = {isa = PBXFileReference; fileEncoding = 4; lastKnownFileType = sourcecode.swift; name = LoggedInViewController.swift; path = ViewControllers/LoggedInViewController.swift; sourceTree = "<group>"; };
		55ABC7631A542CC1005A4371 /* ViewController.swift */ = {isa = PBXFileReference; fileEncoding = 4; lastKnownFileType = sourcecode.swift; name = ViewController.swift; path = ViewControllers/ViewController.swift; sourceTree = "<group>"; };
		55ABC7671A542E31005A4371 /* UserAPI.swift */ = {isa = PBXFileReference; fileEncoding = 4; lastKnownFileType = sourcecode.swift; name = UserAPI.swift; path = "Network Access/UserAPI.swift"; sourceTree = "<group>"; };
		55B631801A598B7700DD5DBF /* CarParkAPI.swift */ = {isa = PBXFileReference; fileEncoding = 4; lastKnownFileType = sourcecode.swift; name = CarParkAPI.swift; path = "Network Access/CarParkAPI.swift"; sourceTree = "<group>"; };
		55B8D2AC1A740EA3000665DA /* TimeConversionPlayground.playground */ = {isa = PBXFileReference; lastKnownFileType = file.playground; name = TimeConversionPlayground.playground; path = ../../../../../../TimeConversionPlayground.playground; sourceTree = "<group>"; };
		55BB569F19F2C70C00492154 /* Utilities.swift */ = {isa = PBXFileReference; fileEncoding = 4; lastKnownFileType = sourcecode.swift; path = Utilities.swift; sourceTree = "<group>"; };
		55BB56A419F2CD1800492154 /* UtilitiesTests.swift */ = {isa = PBXFileReference; fileEncoding = 4; lastKnownFileType = sourcecode.swift; path = UtilitiesTests.swift; sourceTree = "<group>"; };
		55C836AB1A614CC0009167D4 /* SelectUserVehicle.swift */ = {isa = PBXFileReference; fileEncoding = 4; lastKnownFileType = sourcecode.swift; name = SelectUserVehicle.swift; path = Protocols/SelectUserVehicle.swift; sourceTree = "<group>"; };
		55EF4DB91A5D9FA7006F7613 /* CreateVehicleViewController.swift */ = {isa = PBXFileReference; fileEncoding = 4; lastKnownFileType = sourcecode.swift; name = CreateVehicleViewController.swift; path = ViewControllers/CreateVehicleViewController.swift; sourceTree = "<group>"; };
/* End PBXFileReference section */

/* Begin PBXFrameworksBuildPhase section */
		551AC19219E186BB0051C672 /* Frameworks */ = {
			isa = PBXFrameworksBuildPhase;
			buildActionMask = 2147483647;
			files = (
				5585EA091A659E6B001CEF37 /* MapKit.framework in Frameworks */,
				55440BC51A34BA4500969FBC /* SystemConfiguration.framework in Frameworks */,
				55440BC31A34BA3D00969FBC /* MobileCoreServices.framework in Frameworks */,
				55440BC11A34BA3500969FBC /* MessageUI.framework in Frameworks */,
				55440BBF1A34BA2D00969FBC /* CoreMedia.framework in Frameworks */,
				551AC1BB19E186E00051C672 /* CoreLocation.framework in Frameworks */,
				55440BBD1A34BA1C00969FBC /* AVFoundation.framework in Frameworks */,
				55440BBB1A34BA1400969FBC /* AudioToolbox.framework in Frameworks */,
				55440BB91A34B96700969FBC /* libPayPalMobile.a in Frameworks */,
			);
			runOnlyForDeploymentPostprocessing = 0;
		};
		551AC1A719E186BB0051C672 /* Frameworks */ = {
			isa = PBXFrameworksBuildPhase;
			buildActionMask = 2147483647;
			files = (
			);
			runOnlyForDeploymentPostprocessing = 0;
		};
/* End PBXFrameworksBuildPhase section */

/* Begin PBXGroup section */
		550294B71A54296E00198EC7 /* Network Access */ = {
			isa = PBXGroup;
			children = (
				555031561A713B7100B9FDB0 /* Third Party */,
				55ABC7671A542E31005A4371 /* UserAPI.swift */,
				55B631801A598B7700DD5DBF /* CarParkAPI.swift */,
			);
			name = "Network Access";
			sourceTree = "<group>";
		};
		5519BD9419E33D3F00A19484 /* Classes */ = {
			isa = PBXGroup;
			children = (
				555031551A7138FA00B9FDB0 /* CarQueryAPI */,
				552C98F71A6ECBDB00155AFC /* Display */,
				558777EC1A5D5253008ACCE9 /* Singletons */,
				557C2CE919F2C3FE00DE28DF /* UserRegistration.swift */,
				557C2CEC19F2C4AE00DE28DF /* Vehicle.swift */,
				550294BF1A542C7900198EC7 /* UserLogin.swift */,
				55322CF71A6EAEB300C13F2E /* ParkSession.swift */,
				55B8D2AC1A740EA3000665DA /* TimeConversionPlayground.playground */,
			);
			name = Classes;
			sourceTree = "<group>";
		};
		5519BD9519E33D5600A19484 /* ViewControllers */ = {
			isa = PBXGroup;
			children = (
				5554A6271A619357004D2D28 /* Selectors */,
				5554A6251A618199004D2D28 /* Register-Login */,
				55ABC7631A542CC1005A4371 /* ViewController.swift */,
				55440BCC1A34D53900969FBC /* ProfileViewController.swift */,
				5585EA0D1A65A112001CEF37 /* MapViewViewController.swift */,
				5550314F1A71174400B9FDB0 /* SessionViewController.swift */,
			);
			name = ViewControllers;
			sourceTree = "<group>";
		};
		551AC18C19E186BB0051C672 = {
			isa = PBXGroup;
			children = (
				5585EA081A659E6B001CEF37 /* MapKit.framework */,
				55440BC41A34BA4500969FBC /* SystemConfiguration.framework */,
				55440BC21A34BA3D00969FBC /* MobileCoreServices.framework */,
				55440BC01A34BA3500969FBC /* MessageUI.framework */,
				55440BBE1A34BA2D00969FBC /* CoreMedia.framework */,
				55440BBC1A34BA1C00969FBC /* AVFoundation.framework */,
				55440BBA1A34BA1400969FBC /* AudioToolbox.framework */,
				551AC1BA19E186E00051C672 /* CoreLocation.framework */,
				551AC19719E186BB0051C672 /* CarParkApplication */,
				551AC1AD19E186BB0051C672 /* CarParkApplicationTests */,
				551AC19619E186BB0051C672 /* Products */,
			);
			sourceTree = "<group>";
		};
		551AC19619E186BB0051C672 /* Products */ = {
			isa = PBXGroup;
			children = (
				551AC19519E186BB0051C672 /* CarParkApplication.app */,
				551AC1AA19E186BB0051C672 /* CarParkApplicationTests.xctest */,
			);
			name = Products;
			sourceTree = "<group>";
		};
		551AC19719E186BB0051C672 /* CarParkApplication */ = {
			isa = PBXGroup;
			children = (
				55C836AA1A614CA0009167D4 /* Protocols */,
				550294B71A54296E00198EC7 /* Network Access */,
				55440BA81A34B96700969FBC /* PayPalMobile */,
				5519BD9519E33D5600A19484 /* ViewControllers */,
				5519BD9419E33D3F00A19484 /* Classes */,
				551AC19A19E186BB0051C672 /* AppDelegate.swift */,
				551AC19E19E186BB0051C672 /* Main.storyboard */,
				551AC1A119E186BB0051C672 /* Images.xcassets */,
				551AC1A319E186BB0051C672 /* LaunchScreen.xib */,
				55BB569F19F2C70C00492154 /* Utilities.swift */,
				551AC19819E186BB0051C672 /* Supporting Files */,
				55440BC71A34BA7400969FBC /* Bridge.m */,
				55440BC61A34BA7400969FBC /* CarParkApplication-Bridging-Header.h */,
			);
			path = CarParkApplication;
			sourceTree = "<group>";
		};
		551AC19819E186BB0051C672 /* Supporting Files */ = {
			isa = PBXGroup;
			children = (
				551AC19919E186BB0051C672 /* Info.plist */,
			);
			name = "Supporting Files";
			sourceTree = "<group>";
		};
		551AC1AD19E186BB0051C672 /* CarParkApplicationTests */ = {
			isa = PBXGroup;
			children = (
				551AC1B019E186BB0051C672 /* CarParkApplicationTests.swift */,
				55BB56A419F2CD1800492154 /* UtilitiesTests.swift */,
				551AC1AE19E186BB0051C672 /* Supporting Files */,
				5507B26F1A3C64960082BB0F /* ClassTests.swift */,
			);
			path = CarParkApplicationTests;
			sourceTree = "<group>";
		};
		551AC1AE19E186BB0051C672 /* Supporting Files */ = {
			isa = PBXGroup;
			children = (
				551AC1AF19E186BB0051C672 /* Info.plist */,
			);
			name = "Supporting Files";
			sourceTree = "<group>";
		};
		552C98F71A6ECBDB00155AFC /* Display */ = {
			isa = PBXGroup;
			children = (
				552C98FB1A6ED22D00155AFC /* Custom Views */,
			);
			name = Display;
			sourceTree = "<group>";
		};
		552C98FB1A6ED22D00155AFC /* Custom Views */ = {
			isa = PBXGroup;
			children = (
				552C98F81A6ECBFF00155AFC /* ParkSessionViewCell.swift */,
			);
			name = "Custom Views";
			sourceTree = "<group>";
		};
		55440BA81A34B96700969FBC /* PayPalMobile */ = {
			isa = PBXGroup;
			children = (
				55440BA91A34B96700969FBC /* CardIO.h */,
				55440BAA1A34B96700969FBC /* CardIOCreditCardInfo.h */,
				55440BAB1A34B96700969FBC /* CardIODetectionMode.h */,
				55440BAC1A34B96700969FBC /* CardIOPaymentViewController.h */,
				55440BAD1A34B96700969FBC /* CardIOPaymentViewControllerDelegate.h */,
				55440BAE1A34B96700969FBC /* CardIOUtilities.h */,
				55440BAF1A34B96700969FBC /* CardIOView.h */,
				55440BB01A34B96700969FBC /* CardIOViewDelegate.h */,
				55440BB11A34B96700969FBC /* libPayPalMobile.a */,
				55440BB21A34B96700969FBC /* PayPalConfiguration.h */,
				55440BB31A34B96700969FBC /* PayPalFuturePaymentViewController.h */,
				55440BB41A34B96700969FBC /* PayPalMobile.h */,
				55440BB51A34B96700969FBC /* PayPalOAuthScopes.h */,
				55440BB61A34B96700969FBC /* PayPalPayment.h */,
				55440BB71A34B96700969FBC /* PayPalPaymentViewController.h */,
				55440BB81A34B96700969FBC /* PayPalProfileSharingViewController.h */,
			);
			path = PayPalMobile;
			sourceTree = "<group>";
		};
		555031551A7138FA00B9FDB0 /* CarQueryAPI */ = {
			isa = PBXGroup;
			children = (
				550294B01A54268000198EC7 /* CarModel.swift */,
				550294B31A54269A00198EC7 /* CarMake.swift */,
			);
			name = CarQueryAPI;
			sourceTree = "<group>";
		};
		555031561A713B7100B9FDB0 /* Third Party */ = {
			isa = PBXGroup;
			children = (
				550294B81A5429B400198EC7 /* CarQueryAPI.swift */,
			);
			name = "Third Party";
			sourceTree = "<group>";
		};
		5554A6251A618199004D2D28 /* Register-Login */ = {
			isa = PBXGroup;
			children = (
				5519BD8E19E32DC800A19484 /* RegisterViewController.swift */,
				551A189619F0559500E6702B /* LoginViewController.swift */,
				558777F31A5D5B5E008ACCE9 /* LoggedInViewController.swift */,
				55EF4DB91A5D9FA7006F7613 /* CreateVehicleViewController.swift */,
			);
			name = "Register-Login";
			sourceTree = "<group>";
		};
		5554A6271A619357004D2D28 /* Selectors */ = {
			isa = PBXGroup;
			children = (
				55282B8B1A5C8254001EC46E /* VehicleSelectViewController.swift */,
				558777E61A5D42B1008ACCE9 /* TimeBandSelectViewController.swift */,
				552C98F41A6EC13400155AFC /* SessionSelectViewController.swift */,
			);
			name = Selectors;
			sourceTree = "<group>";
		};
		558777EC1A5D5253008ACCE9 /* Singletons */ = {
			isa = PBXGroup;
			children = (
				558777F01A5D58E6008ACCE9 /* User.swift */,
			);
			name = Singletons;
			sourceTree = "<group>";
		};
		55C836AA1A614CA0009167D4 /* Protocols */ = {
			isa = PBXGroup;
			children = (
				55C836AB1A614CC0009167D4 /* SelectUserVehicle.swift */,
				5554A6211A6179C0004D2D28 /* CreateVehicleDelegate.swift */,
				558616741A75191600FAB689 /* UserRegistered.swift */,
			);
			name = Protocols;
			sourceTree = "<group>";
		};
/* End PBXGroup section */

/* Begin PBXNativeTarget section */
		551AC19419E186BB0051C672 /* CarParkApplication */ = {
			isa = PBXNativeTarget;
			buildConfigurationList = 551AC1B419E186BB0051C672 /* Build configuration list for PBXNativeTarget "CarParkApplication" */;
			buildPhases = (
				551AC19119E186BB0051C672 /* Sources */,
				551AC19219E186BB0051C672 /* Frameworks */,
				551AC19319E186BB0051C672 /* Resources */,
			);
			buildRules = (
			);
			dependencies = (
			);
			name = CarParkApplication;
			productName = CarParkApplication;
			productReference = 551AC19519E186BB0051C672 /* CarParkApplication.app */;
			productType = "com.apple.product-type.application";
		};
		551AC1A919E186BB0051C672 /* CarParkApplicationTests */ = {
			isa = PBXNativeTarget;
			buildConfigurationList = 551AC1B719E186BB0051C672 /* Build configuration list for PBXNativeTarget "CarParkApplicationTests" */;
			buildPhases = (
				551AC1A619E186BB0051C672 /* Sources */,
				551AC1A719E186BB0051C672 /* Frameworks */,
				551AC1A819E186BB0051C672 /* Resources */,
			);
			buildRules = (
			);
			dependencies = (
				551AC1AC19E186BB0051C672 /* PBXTargetDependency */,
			);
			name = CarParkApplicationTests;
			productName = CarParkApplicationTests;
			productReference = 551AC1AA19E186BB0051C672 /* CarParkApplicationTests.xctest */;
			productType = "com.apple.product-type.bundle.unit-test";
		};
/* End PBXNativeTarget section */

/* Begin PBXProject section */
		551AC18D19E186BB0051C672 /* Project object */ = {
			isa = PBXProject;
			attributes = {
				LastUpgradeCheck = 0600;
				ORGANIZATIONNAME = DavidMcQueen;
				TargetAttributes = {
					551AC19419E186BB0051C672 = {
						CreatedOnToolsVersion = 6.0.1;
						SystemCapabilities = {
							com.apple.BackgroundModes = {
								enabled = 1;
							};
						};
					};
					551AC1A919E186BB0051C672 = {
						CreatedOnToolsVersion = 6.0.1;
						TestTargetID = 551AC19419E186BB0051C672;
					};
				};
			};
			buildConfigurationList = 551AC19019E186BB0051C672 /* Build configuration list for PBXProject "CarParkApplication" */;
			compatibilityVersion = "Xcode 3.2";
			developmentRegion = English;
			hasScannedForEncodings = 0;
			knownRegions = (
				en,
				Base,
			);
			mainGroup = 551AC18C19E186BB0051C672;
			productRefGroup = 551AC19619E186BB0051C672 /* Products */;
			projectDirPath = "";
			projectRoot = "";
			targets = (
				551AC19419E186BB0051C672 /* CarParkApplication */,
				551AC1A919E186BB0051C672 /* CarParkApplicationTests */,
			);
		};
/* End PBXProject section */

/* Begin PBXResourcesBuildPhase section */
		551AC19319E186BB0051C672 /* Resources */ = {
			isa = PBXResourcesBuildPhase;
			buildActionMask = 2147483647;
			files = (
				551AC1A019E186BB0051C672 /* Main.storyboard in Resources */,
				551AC1A519E186BB0051C672 /* LaunchScreen.xib in Resources */,
				551AC1A219E186BB0051C672 /* Images.xcassets in Resources */,
			);
			runOnlyForDeploymentPostprocessing = 0;
		};
		551AC1A819E186BB0051C672 /* Resources */ = {
			isa = PBXResourcesBuildPhase;
			buildActionMask = 2147483647;
			files = (
			);
			runOnlyForDeploymentPostprocessing = 0;
		};
/* End PBXResourcesBuildPhase section */

/* Begin PBXSourcesBuildPhase section */
		551AC19119E186BB0051C672 /* Sources */ = {
			isa = PBXSourcesBuildPhase;
			buildActionMask = 2147483647;
			files = (
				55322CF81A6EAEB300C13F2E /* ParkSession.swift in Sources */,
				55C836AC1A614CC0009167D4 /* SelectUserVehicle.swift in Sources */,
				558777F41A5D5B5E008ACCE9 /* LoggedInViewController.swift in Sources */,
				552C98F91A6ECBFF00155AFC /* ParkSessionViewCell.swift in Sources */,
				558777E71A5D42B1008ACCE9 /* TimeBandSelectViewController.swift in Sources */,
				550294C21A542C7900198EC7 /* UserLogin.swift in Sources */,
				557C2CED19F2C4AE00DE28DF /* Vehicle.swift in Sources */,
				55BB56A019F2C70C00492154 /* Utilities.swift in Sources */,
				550294B91A5429B400198EC7 /* CarQueryAPI.swift in Sources */,
				557C2CEA19F2C3FE00DE28DF /* UserRegistration.swift in Sources */,
				55440BC81A34BA7400969FBC /* Bridge.m in Sources */,
				550294B11A54268000198EC7 /* CarModel.swift in Sources */,
				558616751A75191600FAB689 /* UserRegistered.swift in Sources */,
				55ABC7681A542E31005A4371 /* UserAPI.swift in Sources */,
				5554A6221A6179C0004D2D28 /* CreateVehicleDelegate.swift in Sources */,
				55282B8C1A5C8254001EC46E /* VehicleSelectViewController.swift in Sources */,
				558777F11A5D58E6008ACCE9 /* User.swift in Sources */,
				551AC19B19E186BB0051C672 /* AppDelegate.swift in Sources */,
				55EF4DBA1A5D9FA7006F7613 /* CreateVehicleViewController.swift in Sources */,
				5585EA0E1A65A112001CEF37 /* MapViewViewController.swift in Sources */,
				55B631811A598B7700DD5DBF /* CarParkAPI.swift in Sources */,
				55ABC7641A542CC1005A4371 /* ViewController.swift in Sources */,
				55440BCD1A34D53900969FBC /* ProfileViewController.swift in Sources */,
				552C98F51A6EC13400155AFC /* SessionSelectViewController.swift in Sources */,
				550294B41A54269A00198EC7 /* CarMake.swift in Sources */,
				5519BD8F19E32DC800A19484 /* RegisterViewController.swift in Sources */,
				555031501A71174400B9FDB0 /* SessionViewController.swift in Sources */,
				551A189719F0559500E6702B /* LoginViewController.swift in Sources */,
			);
			runOnlyForDeploymentPostprocessing = 0;
		};
		551AC1A619E186BB0051C672 /* Sources */ = {
			isa = PBXSourcesBuildPhase;
			buildActionMask = 2147483647;
			files = (
				55322CF91A6EAEB300C13F2E /* ParkSession.swift in Sources */,
				550294B51A54269A00198EC7 /* CarMake.swift in Sources */,
				552C98FA1A6ECBFF00155AFC /* ParkSessionViewCell.swift in Sources */,
				55B631821A598B7700DD5DBF /* CarParkAPI.swift in Sources */,
				55BB56A119F2C70C00492154 /* Utilities.swift in Sources */,
				5554A6241A617D1F004D2D28 /* SelectUserVehicle.swift in Sources */,
				55ABC7691A542E31005A4371 /* UserAPI.swift in Sources */,
				558777E81A5D42B1008ACCE9 /* TimeBandSelectViewController.swift in Sources */,
				557C2CEE19F2C4AE00DE28DF /* Vehicle.swift in Sources */,
				555031511A71174400B9FDB0 /* SessionViewController.swift in Sources */,
				5554A6231A617C60004D2D28 /* CreateVehicleDelegate.swift in Sources */,
				55282B8D1A5C8254001EC46E /* VehicleSelectViewController.swift in Sources */,
				557C2CEB19F2C3FE00DE28DF /* UserRegistration.swift in Sources */,
				558777F21A5D58E6008ACCE9 /* User.swift in Sources */,
				55BB56A519F2CD1800492154 /* UtilitiesTests.swift in Sources */,
				5507B2701A3C64960082BB0F /* ClassTests.swift in Sources */,
				550294B21A54268000198EC7 /* CarModel.swift in Sources */,
				5585EA0F1A65A112001CEF37 /* MapViewViewController.swift in Sources */,
				550294BA1A5429B400198EC7 /* CarQueryAPI.swift in Sources */,
				5554A6261A61914A004D2D28 /* CreateVehicleViewController.swift in Sources */,
				550294C31A542C7900198EC7 /* UserLogin.swift in Sources */,
				551AC1B119E186BB0051C672 /* CarParkApplicationTests.swift in Sources */,
				558777F51A5D5B5E008ACCE9 /* LoggedInViewController.swift in Sources */,
				558616771A751A3900FAB689 /* RegisterViewController.swift in Sources */,
				558616761A75191600FAB689 /* UserRegistered.swift in Sources */,
				552C98F61A6EC13400155AFC /* SessionSelectViewController.swift in Sources */,
			);
			runOnlyForDeploymentPostprocessing = 0;
		};
/* End PBXSourcesBuildPhase section */

/* Begin PBXTargetDependency section */
		551AC1AC19E186BB0051C672 /* PBXTargetDependency */ = {
			isa = PBXTargetDependency;
			target = 551AC19419E186BB0051C672 /* CarParkApplication */;
			targetProxy = 551AC1AB19E186BB0051C672 /* PBXContainerItemProxy */;
		};
/* End PBXTargetDependency section */

/* Begin PBXVariantGroup section */
		551AC19E19E186BB0051C672 /* Main.storyboard */ = {
			isa = PBXVariantGroup;
			children = (
				551AC19F19E186BB0051C672 /* Base */,
			);
			name = Main.storyboard;
			sourceTree = "<group>";
		};
		551AC1A319E186BB0051C672 /* LaunchScreen.xib */ = {
			isa = PBXVariantGroup;
			children = (
				551AC1A419E186BB0051C672 /* Base */,
			);
			name = LaunchScreen.xib;
			sourceTree = "<group>";
		};
/* End PBXVariantGroup section */

/* Begin XCBuildConfiguration section */
		551AC1B219E186BB0051C672 /* Debug */ = {
			isa = XCBuildConfiguration;
			buildSettings = {
				ALWAYS_SEARCH_USER_PATHS = NO;
				CLANG_CXX_LANGUAGE_STANDARD = "gnu++0x";
				CLANG_CXX_LIBRARY = "libc++";
				CLANG_ENABLE_MODULES = YES;
				CLANG_ENABLE_OBJC_ARC = YES;
				CLANG_WARN_BOOL_CONVERSION = YES;
				CLANG_WARN_CONSTANT_CONVERSION = YES;
				CLANG_WARN_DIRECT_OBJC_ISA_USAGE = YES_ERROR;
				CLANG_WARN_EMPTY_BODY = YES;
				CLANG_WARN_ENUM_CONVERSION = YES;
				CLANG_WARN_INT_CONVERSION = YES;
				CLANG_WARN_OBJC_ROOT_CLASS = YES_ERROR;
				CLANG_WARN_UNREACHABLE_CODE = YES;
				CLANG_WARN__DUPLICATE_METHOD_MATCH = YES;
				"CODE_SIGN_IDENTITY[sdk=iphoneos*]" = "iPhone Developer";
				COPY_PHASE_STRIP = NO;
				ENABLE_STRICT_OBJC_MSGSEND = YES;
				GCC_C_LANGUAGE_STANDARD = gnu99;
				GCC_DYNAMIC_NO_PIC = NO;
				GCC_OPTIMIZATION_LEVEL = 0;
				GCC_PREPROCESSOR_DEFINITIONS = (
					"DEBUG=1",
					"$(inherited)",
				);
				GCC_SYMBOLS_PRIVATE_EXTERN = NO;
				GCC_WARN_64_TO_32_BIT_CONVERSION = YES;
				GCC_WARN_ABOUT_RETURN_TYPE = YES_ERROR;
				GCC_WARN_UNDECLARED_SELECTOR = YES;
				GCC_WARN_UNINITIALIZED_AUTOS = YES_AGGRESSIVE;
				GCC_WARN_UNUSED_FUNCTION = YES;
				GCC_WARN_UNUSED_VARIABLE = YES;
				IPHONEOS_DEPLOYMENT_TARGET = 8.0;
				MTL_ENABLE_DEBUG_INFO = YES;
				ONLY_ACTIVE_ARCH = YES;
				SDKROOT = iphoneos;
				SWIFT_OPTIMIZATION_LEVEL = "-Onone";
			};
			name = Debug;
		};
		551AC1B319E186BB0051C672 /* Release */ = {
			isa = XCBuildConfiguration;
			buildSettings = {
				ALWAYS_SEARCH_USER_PATHS = NO;
				CLANG_CXX_LANGUAGE_STANDARD = "gnu++0x";
				CLANG_CXX_LIBRARY = "libc++";
				CLANG_ENABLE_MODULES = YES;
				CLANG_ENABLE_OBJC_ARC = YES;
				CLANG_WARN_BOOL_CONVERSION = YES;
				CLANG_WARN_CONSTANT_CONVERSION = YES;
				CLANG_WARN_DIRECT_OBJC_ISA_USAGE = YES_ERROR;
				CLANG_WARN_EMPTY_BODY = YES;
				CLANG_WARN_ENUM_CONVERSION = YES;
				CLANG_WARN_INT_CONVERSION = YES;
				CLANG_WARN_OBJC_ROOT_CLASS = YES_ERROR;
				CLANG_WARN_UNREACHABLE_CODE = YES;
				CLANG_WARN__DUPLICATE_METHOD_MATCH = YES;
				"CODE_SIGN_IDENTITY[sdk=iphoneos*]" = "iPhone Developer";
				COPY_PHASE_STRIP = YES;
				ENABLE_NS_ASSERTIONS = NO;
				ENABLE_STRICT_OBJC_MSGSEND = YES;
				GCC_C_LANGUAGE_STANDARD = gnu99;
				GCC_WARN_64_TO_32_BIT_CONVERSION = YES;
				GCC_WARN_ABOUT_RETURN_TYPE = YES_ERROR;
				GCC_WARN_UNDECLARED_SELECTOR = YES;
				GCC_WARN_UNINITIALIZED_AUTOS = YES_AGGRESSIVE;
				GCC_WARN_UNUSED_FUNCTION = YES;
				GCC_WARN_UNUSED_VARIABLE = YES;
				IPHONEOS_DEPLOYMENT_TARGET = 8.0;
				MTL_ENABLE_DEBUG_INFO = NO;
				SDKROOT = iphoneos;
				VALIDATE_PRODUCT = YES;
			};
			name = Release;
		};
		551AC1B519E186BB0051C672 /* Debug */ = {
			isa = XCBuildConfiguration;
			buildSettings = {
				ASSETCATALOG_COMPILER_APPICON_NAME = AppIcon;
				CLANG_ENABLE_MODULES = YES;
				INFOPLIST_FILE = CarParkApplication/Info.plist;
				IPHONEOS_DEPLOYMENT_TARGET = 7.0;
				LD_RUNPATH_SEARCH_PATHS = "$(inherited) @executable_path/Frameworks";
				LIBRARY_SEARCH_PATHS = (
					"$(inherited)",
					"$(PROJECT_DIR)/CarParkApplication/PayPalMobile",
				);
				OTHER_LDFLAGS = (
					"-lc++",
					"-ObjC",
				);
				PRODUCT_NAME = "$(TARGET_NAME)";
				SWIFT_OBJC_BRIDGING_HEADER = "CarParkApplication/CarParkApplication-Bridging-Header.h";
				SWIFT_OPTIMIZATION_LEVEL = "-Onone";
			};
			name = Debug;
		};
		551AC1B619E186BB0051C672 /* Release */ = {
			isa = XCBuildConfiguration;
			buildSettings = {
				ASSETCATALOG_COMPILER_APPICON_NAME = AppIcon;
				CLANG_ENABLE_MODULES = YES;
				INFOPLIST_FILE = CarParkApplication/Info.plist;
				IPHONEOS_DEPLOYMENT_TARGET = 7.0;
				LD_RUNPATH_SEARCH_PATHS = "$(inherited) @executable_path/Frameworks";
				LIBRARY_SEARCH_PATHS = (
					"$(inherited)",
					"$(PROJECT_DIR)/CarParkApplication/PayPalMobile",
				);
				OTHER_LDFLAGS = (
					"-lc++",
					"-ObjC",
				);
				PRODUCT_NAME = "$(TARGET_NAME)";
				SWIFT_OBJC_BRIDGING_HEADER = "CarParkApplication/CarParkApplication-Bridging-Header.h";
			};
			name = Release;
		};
		551AC1B819E186BB0051C672 /* Debug */ = {
			isa = XCBuildConfiguration;
			buildSettings = {
				BUNDLE_LOADER = "$(TEST_HOST)";
				FRAMEWORK_SEARCH_PATHS = (
					"$(SDKROOT)/Developer/Library/Frameworks",
					"$(inherited)",
				);
				GCC_PREPROCESSOR_DEFINITIONS = (
					"DEBUG=1",
					"$(inherited)",
				);
				INFOPLIST_FILE = CarParkApplicationTests/Info.plist;
				LD_RUNPATH_SEARCH_PATHS = "$(inherited) @executable_path/Frameworks @loader_path/Frameworks";
				PRODUCT_NAME = "$(TARGET_NAME)";
				TEST_HOST = "$(BUILT_PRODUCTS_DIR)/CarParkApplication.app/CarParkApplication";
			};
			name = Debug;
		};
		551AC1B919E186BB0051C672 /* Release */ = {
			isa = XCBuildConfiguration;
			buildSettings = {
				BUNDLE_LOADER = "$(TEST_HOST)";
				FRAMEWORK_SEARCH_PATHS = (
					"$(SDKROOT)/Developer/Library/Frameworks",
					"$(inherited)",
				);
				INFOPLIST_FILE = CarParkApplicationTests/Info.plist;
				LD_RUNPATH_SEARCH_PATHS = "$(inherited) @executable_path/Frameworks @loader_path/Frameworks";
				PRODUCT_NAME = "$(TARGET_NAME)";
				TEST_HOST = "$(BUILT_PRODUCTS_DIR)/CarParkApplication.app/CarParkApplication";
			};
			name = Release;
		};
/* End XCBuildConfiguration section */

/* Begin XCConfigurationList section */
		551AC19019E186BB0051C672 /* Build configuration list for PBXProject "CarParkApplication" */ = {
			isa = XCConfigurationList;
			buildConfigurations = (
				551AC1B219E186BB0051C672 /* Debug */,
				551AC1B319E186BB0051C672 /* Release */,
			);
			defaultConfigurationIsVisible = 0;
			defaultConfigurationName = Release;
		};
		551AC1B419E186BB0051C672 /* Build configuration list for PBXNativeTarget "CarParkApplication" */ = {
			isa = XCConfigurationList;
			buildConfigurations = (
				551AC1B519E186BB0051C672 /* Debug */,
				551AC1B619E186BB0051C672 /* Release */,
			);
			defaultConfigurationIsVisible = 0;
			defaultConfigurationName = Release;
		};
		551AC1B719E186BB0051C672 /* Build configuration list for PBXNativeTarget "CarParkApplicationTests" */ = {
			isa = XCConfigurationList;
			buildConfigurations = (
				551AC1B819E186BB0051C672 /* Debug */,
				551AC1B919E186BB0051C672 /* Release */,
			);
			defaultConfigurationIsVisible = 0;
			defaultConfigurationName = Release;
		};
/* End XCConfigurationList section */
	};
	rootObject = 551AC18D19E186BB0051C672 /* Project object */;
}
